
Microsoft Visual Studio Solution File, Format Version 12.00
# Visual Studio Version 17
VisualStudioVersion = 17.14.36301.6
MinimumVisualStudioVersion = 10.0.40219.1
Project("{FAE04EC0-301F-11D3-BF4B-00C04F79EFBC}") = "HospitalNew.DAL", "HospitalNew.DAL\HospitalNew.DAL.csproj", "{C4266E1D-6873-C34E-1C85-A158DF217A4D}"
EndProject
Project("{FAE04EC0-301F-11D3-BF4B-00C04F79EFBC}") = "HospitalNew.BLL", "HospitalNew.BLL\HospitalNew.BLL.csproj", "{C4EDD473-B95C-50D9-8929-D26D64960913}"
EndProject
Project("{FAE04EC0-301F-11D3-BF4B-00C04F79EFBC}") = "HospitalNew.API", "HospitalNew.API\HospitalNew.API.csproj", "{5C9D8763-D80A-DC5B-E551-5330EF5BD7FA}"
EndProject
Global
	GlobalSection(SolutionConfigurationPlatforms) = preSolution
		Debug|Any CPU = Debug|Any CPU
		Release|Any CPU = Release|Any CPU
	EndGlobalSection
	GlobalSection(ProjectConfigurationPlatforms) = postSolution
		{C4266E1D-6873-C34E-1C85-A158DF217A4D}.Debug|Any CPU.ActiveCfg = Debug|Any CPU
		{C4266E1D-6873-C34E-1C85-A158DF217A4D}.Debug|Any CPU.Build.0 = Debug|Any CPU
		{C4266E1D-6873-C34E-1C85-A158DF217A4D}.Release|Any CPU.ActiveCfg = Release|Any CPU
		{C4266E1D-6873-C34E-1C85-A158DF217A4D}.Release|Any CPU.Build.0 = Release|Any CPU
		{C4EDD473-B95C-50D9-8929-D26D64960913}.Debug|Any CPU.ActiveCfg = Debug|Any CPU
		{C4EDD473-B95C-50D9-8929-D26D64960913}.Debug|Any CPU.Build.0 = Debug|Any CPU
		{C4EDD473-B95C-50D9-8929-D26D64960913}.Release|Any CPU.ActiveCfg = Release|Any CPU
		{C4EDD473-B95C-50D9-8929-D26D64960913}.Release|Any CPU.Build.0 = Release|Any CPU
		{5C9D8763-D80A-DC5B-E551-5330EF5BD7FA}.Debug|Any CPU.ActiveCfg = Debug|Any CPU
		{5C9D8763-D80A-DC5B-E551-5330EF5BD7FA}.Debug|Any CPU.Build.0 = Debug|Any CPU
		{5C9D8763-D80A-DC5B-E551-5330EF5BD7FA}.Release|Any CPU.ActiveCfg = Release|Any CPU
		{5C9D8763-D80A-DC5B-E551-5330EF5BD7FA}.Release|Any CPU.Build.0 = Release|Any CPU
	EndGlobalSection
	GlobalSection(SolutionProperties) = preSolution
		HideSolutionNode = FALSE
	EndGlobalSection
	GlobalSection(ExtensibilityGlobals) = postSolution
		SolutionGuid = {28993F78-ADC3-4A3B-A1A7-378922DAD854}
	EndGlobalSection
EndGlobal
